
Microsoft Visual Studio Solution File, Format Version 12.00
# Visual Studio Version 17
VisualStudioVersion = 17.11.35219.272
MinimumVisualStudioVersion = 10.0.40219.1
Project("{FAE04EC0-301F-11D3-BF4B-00C04F79EFBC}") = "Lab3", "Lab3\Lab3.csproj", "{9175C6BD-51DE-409E-81ED-95E5260E8952}"
EndProject
Global
	GlobalSection(SolutionConfigurationPlatforms) = preSolution
		Debug|Any CPU = Debug|Any CPU
		Release|Any CPU = Release|Any CPU
	EndGlobalSection
	GlobalSection(ProjectConfigurationPlatforms) = postSolution
		{9175C6BD-51DE-409E-81ED-95E5260E8952}.Debug|Any CPU.ActiveCfg = Debug|Any CPU
		{9175C6BD-51DE-409E-81ED-95E5260E8952}.Debug|Any CPU.Build.0 = Debug|Any CPU
		{9175C6BD-51DE-409E-81ED-95E5260E8952}.Release|Any CPU.ActiveCfg = Release|Any CPU
		{9175C6BD-51DE-409E-81ED-95E5260E8952}.Release|Any CPU.Build.0 = Release|Any CPU
	EndGlobalSection
	GlobalSection(SolutionProperties) = preSolution
		HideSolutionNode = FALSE
	EndGlobalSection
	GlobalSection(ExtensibilityGlobals) = postSolution
		SolutionGuid = {D9420995-2B21-48F8-B1B4-2C79C686AA99}
	EndGlobalSection
EndGlobal
